
Microsoft Visual Studio Solution File, Format Version 12.00
# Visual Studio Version 16
VisualStudioVersion = 16.0.30413.136
MinimumVisualStudioVersion = 10.0.40219.1
Project("{9A19103F-16F7-4668-BE54-9A1E7A4F7556}") = "IdentityServer", "IdentityServer\IdentityServer.csproj", "{A24218C2-A01A-44AB-886E-644BEFBED424}"
EndProject
Project("{9A19103F-16F7-4668-BE54-9A1E7A4F7556}") = "BlazorClient", "BlazorClient\BlazorClient.csproj", "{D1BC5DF4-1742-4DEE-AD54-2820FB46ED71}"
EndProject
Project("{9A19103F-16F7-4668-BE54-9A1E7A4F7556}") = "WeatherApi", "WeatherApi\WeatherApi.csproj", "{4EB4AA83-6240-4B41-BF12-00FCC0DA9154}"
EndProject
Project("{FAE04EC0-301F-11D3-BF4B-00C04F79EFBC}") = "AngularClient", "AngularClient\AngularClient.csproj", "{F950EB5B-0F06-486A-9153-78A4F5825245}"
EndProject
Global
	GlobalSection(SolutionConfigurationPlatforms) = preSolution
		Debug|Any CPU = Debug|Any CPU
		Release|Any CPU = Release|Any CPU
	EndGlobalSection
	GlobalSection(ProjectConfigurationPlatforms) = postSolution
		{A24218C2-A01A-44AB-886E-644BEFBED424}.Debug|Any CPU.ActiveCfg = Debug|Any CPU
		{A24218C2-A01A-44AB-886E-644BEFBED424}.Debug|Any CPU.Build.0 = Debug|Any CPU
		{A24218C2-A01A-44AB-886E-644BEFBED424}.Release|Any CPU.ActiveCfg = Release|Any CPU
		{A24218C2-A01A-44AB-886E-644BEFBED424}.Release|Any CPU.Build.0 = Release|Any CPU
		{D1BC5DF4-1742-4DEE-AD54-2820FB46ED71}.Debug|Any CPU.ActiveCfg = Debug|Any CPU
		{D1BC5DF4-1742-4DEE-AD54-2820FB46ED71}.Debug|Any CPU.Build.0 = Debug|Any CPU
		{D1BC5DF4-1742-4DEE-AD54-2820FB46ED71}.Release|Any CPU.ActiveCfg = Release|Any CPU
		{D1BC5DF4-1742-4DEE-AD54-2820FB46ED71}.Release|Any CPU.Build.0 = Release|Any CPU
		{4EB4AA83-6240-4B41-BF12-00FCC0DA9154}.Debug|Any CPU.ActiveCfg = Debug|Any CPU
		{4EB4AA83-6240-4B41-BF12-00FCC0DA9154}.Debug|Any CPU.Build.0 = Debug|Any CPU
		{4EB4AA83-6240-4B41-BF12-00FCC0DA9154}.Release|Any CPU.ActiveCfg = Release|Any CPU
		{4EB4AA83-6240-4B41-BF12-00FCC0DA9154}.Release|Any CPU.Build.0 = Release|Any CPU
		{F950EB5B-0F06-486A-9153-78A4F5825245}.Debug|Any CPU.ActiveCfg = Debug|Any CPU
		{F950EB5B-0F06-486A-9153-78A4F5825245}.Debug|Any CPU.Build.0 = Debug|Any CPU
		{F950EB5B-0F06-486A-9153-78A4F5825245}.Release|Any CPU.ActiveCfg = Release|Any CPU
		{F950EB5B-0F06-486A-9153-78A4F5825245}.Release|Any CPU.Build.0 = Release|Any CPU
	EndGlobalSection
	GlobalSection(SolutionProperties) = preSolution
		HideSolutionNode = FALSE
	EndGlobalSection
	GlobalSection(ExtensibilityGlobals) = postSolution
		SolutionGuid = {584B9E20-566D-418C-9D02-EE46BBE8F914}
	EndGlobalSection
EndGlobal
